# unlazy vendored at 16671491f6679ad9378f52604d3bc2415b4120c7
1d3995733df3e0512d974f476bad3537b56aa3fc9b89fb1367b9b61f7f18cc80  references/SECURITY.md
39633b600475711a53ea1ba5393b4dc05ec0cb3439fff8b787d40c5b9038cf7e  references/dispatch.md
83a70b12f1b5058d1f1554fe42f350307bcb83fd33e8c102c60d20955def423c  references/gates.md
2d1294eb01e20f752c6ad5306a7c12817ae0882b2df795da0347c49ee75bca4b  references/parallel.md
cf6875e69bb73e082a24360232a6051124ebc3f447f3f167259db417ecacb7ae  references/token-economy.md
8c6826144ba6f1865e4e2fde858c73781f93c58cb249bc6ef03ac78defe6712a  scripts/dispatch-check.mjs
29dee3acfdf566c24eedace85163a4e7a66eda01b712c5b4b76a99eae1eda8a1  scripts/gate-check.mjs
12fedaa4ad7bcfacf6da8d66f4ead0d186115e03fe941d3d20efd361dec7ee7e  scripts/gate-lint.mjs
cf61da1f265f0a4c2fb23512eda3beb03cf7bad61461c1e948d47b6b1995b7d6  scripts/install-hooks.mjs
2bf15a383c0e64f77024820fedf9da8045c02cca9051ec0e6444e85814eb8c3b  scripts/lib/check-supervisor.mjs
101cc06361f2eae77946d5fa1d9dd5dd9effcfc039f376967565951909ad1baf  scripts/lib/dispatch.mjs
12758e27c415e619a93148fb71cd217d0c1b81de39fe932b2dda344fac778809  scripts/lib/gates.mjs
2b6c28613b2686e3afaa32a0196eaa3c67fafa283fbbba11df872f4deb993682  scripts/lib/process-tree.mjs
76a9448f3c1b15b4904239608bd50381ee609e1edf0c6ac281d3f30473b36e0b  scripts/lib/regex-worker.mjs
f18f2f189a3be2ff1bcdd01b09eea0ac53edcf9a3f9d9b1ba64817661ce4b683  scripts/stop-hook.mjs
dffcf92500d4a4cb9eb15b4665388ff3e488398a8038198566db531a653537d0  templates/PLAN.md
2bf0dad7c8325d28033ab4b95b6af7af2921763c5939a508bf5bfcd29c696f4e  templates/gates-leaf.md
3bfa7e7811b817904be1d2681c964bf99147a50ad4c08fb9a2a86f0b495f95a6  templates/gates-node.md
c3d9d4a8a66f775b52755d22a82851b65cbbf4e1e043bc3e91670c53fc456f4f  tests/contract-tests.mjs
1bd86f479b0372c06bd38948fb5642d096489469851cff493a939e40cc82b2b0  tests/dispatch-tests.mjs
42c255d45fb81e05c33892e3d477761bb1edb99f3f518ad5c93f581345f72794  tests/hardening-tests.mjs
8beeda206f732e35fe272f39da450e653a9a79e6999b21a921bb19b5001b9dc9  tests/lint-tests.mjs
79ab9bb0063da4717feea07d109bca80ab8a3a9f992dbe41d1ff0474836d5222  tests/run-tests.mjs
68245507ec48e883e02f8402e993f16aa183c72a9a88c5a9681187d982954ae0  tests/self-check.mjs
80f4ced47aa389f12aea6116cde5306007b23a99549fa0f9f60514e2b35b35c0  tests/stress-tests.mjs
